{
  "name": "@zbm1/namespace",
  "version": "0.1.0",
  "lockfileVersion": 2,
  "requires": true,
  "packages": {
    "": {
      "name": "@zbm1/namespace",
      "version": "0.1.0",
      "license": "ISC",
      "dependencies": {
        "@zbm1/global-this": "^0.4.5"
      },
      "devDependencies": {}
    },
    "node_modules/@zbm1/global-this": {
      "version": "0.4.5",
      "resolved": "https://registry.npmjs.org/@zbm1/global-this/-/global-this-0.4.5.tgz",
      "integrity": "sha512-KHd68UVs93eXg/YoQJd9pJdCEmmzOje3Heoe5RrF0Hu5h99nd6K3MgJReL3glNEAVYCasJVdh+fCrIPkRR3tJg=="
    }
  },
  "dependencies": {
    "@zbm1/global-this": {
      "version": "0.4.5",
      "resolved": "https://registry.npmjs.org/@zbm1/global-this/-/global-this-0.4.5.tgz",
      "integrity": "sha512-KHd68UVs93eXg/YoQJd9pJdCEmmzOje3Heoe5RrF0Hu5h99nd6K3MgJReL3glNEAVYCasJVdh+fCrIPkRR3tJg=="
    }
  }
}
